
Microsoft Visual Studio Solution File, Format Version 12.00
# Visual Studio 15
VisualStudioVersion = 15.0.26124.0
MinimumVisualStudioVersion = 15.0.26124.0
Project("{FAE04EC0-301F-11D3-BF4B-00C04F79EFBC}") = "TQL.Domain", "TQL.Domain\TQL.Domain.csproj", "{DE23A35E-D4A6-40A8-89D9-FB18D2967258}"
EndProject
Project("{FAE04EC0-301F-11D3-BF4B-00C04F79EFBC}") = "TQL.Infra.Data", "TQL.Infra.Data\TQL.Infra.Data.csproj", "{EBF31C6A-764A-4109-BF3C-E5BBF3D827EE}"
EndProject
Project("{FAE04EC0-301F-11D3-BF4B-00C04F79EFBC}") = "TQL.Infra.IoC", "TQL.Infra.IoC\TQL.Infra.IoC.csproj", "{18B6EDE8-7FB6-46C9-A75A-84EE476B6E05}"
EndProject
Project("{FAE04EC0-301F-11D3-BF4B-00C04F79EFBC}") = "TQL.WebApi", "TQL.WebApi\TQL.WebApi.csproj", "{DB7ECA62-7AA8-49F5-9DFD-DEEB1AB6A1D0}"
EndProject
Project("{FAE04EC0-301F-11D3-BF4B-00C04F79EFBC}") = "TQL.Application", "TQL.Application\TQL.Application.csproj", "{D37B1C56-8C7C-4C1E-91E3-6042A1CAFF6B}"
EndProject
Global
	GlobalSection(SolutionConfigurationPlatforms) = preSolution
		Debug|Any CPU = Debug|Any CPU
		Debug|x64 = Debug|x64
		Debug|x86 = Debug|x86
		Release|Any CPU = Release|Any CPU
		Release|x64 = Release|x64
		Release|x86 = Release|x86
	EndGlobalSection
	GlobalSection(SolutionProperties) = preSolution
		HideSolutionNode = FALSE
	EndGlobalSection
	GlobalSection(ProjectConfigurationPlatforms) = postSolution
		{DE23A35E-D4A6-40A8-89D9-FB18D2967258}.Debug|Any CPU.ActiveCfg = Debug|Any CPU
		{DE23A35E-D4A6-40A8-89D9-FB18D2967258}.Debug|Any CPU.Build.0 = Debug|Any CPU
		{DE23A35E-D4A6-40A8-89D9-FB18D2967258}.Debug|x64.ActiveCfg = Debug|Any CPU
		{DE23A35E-D4A6-40A8-89D9-FB18D2967258}.Debug|x64.Build.0 = Debug|Any CPU
		{DE23A35E-D4A6-40A8-89D9-FB18D2967258}.Debug|x86.ActiveCfg = Debug|Any CPU
		{DE23A35E-D4A6-40A8-89D9-FB18D2967258}.Debug|x86.Build.0 = Debug|Any CPU
		{DE23A35E-D4A6-40A8-89D9-FB18D2967258}.Release|Any CPU.ActiveCfg = Release|Any CPU
		{DE23A35E-D4A6-40A8-89D9-FB18D2967258}.Release|Any CPU.Build.0 = Release|Any CPU
		{DE23A35E-D4A6-40A8-89D9-FB18D2967258}.Release|x64.ActiveCfg = Release|Any CPU
		{DE23A35E-D4A6-40A8-89D9-FB18D2967258}.Release|x64.Build.0 = Release|Any CPU
		{DE23A35E-D4A6-40A8-89D9-FB18D2967258}.Release|x86.ActiveCfg = Release|Any CPU
		{DE23A35E-D4A6-40A8-89D9-FB18D2967258}.Release|x86.Build.0 = Release|Any CPU
		{EBF31C6A-764A-4109-BF3C-E5BBF3D827EE}.Debug|Any CPU.ActiveCfg = Debug|Any CPU
		{EBF31C6A-764A-4109-BF3C-E5BBF3D827EE}.Debug|Any CPU.Build.0 = Debug|Any CPU
		{EBF31C6A-764A-4109-BF3C-E5BBF3D827EE}.Debug|x64.ActiveCfg = Debug|Any CPU
		{EBF31C6A-764A-4109-BF3C-E5BBF3D827EE}.Debug|x64.Build.0 = Debug|Any CPU
		{EBF31C6A-764A-4109-BF3C-E5BBF3D827EE}.Debug|x86.ActiveCfg = Debug|Any CPU
		{EBF31C6A-764A-4109-BF3C-E5BBF3D827EE}.Debug|x86.Build.0 = Debug|Any CPU
		{EBF31C6A-764A-4109-BF3C-E5BBF3D827EE}.Release|Any CPU.ActiveCfg = Release|Any CPU
		{EBF31C6A-764A-4109-BF3C-E5BBF3D827EE}.Release|Any CPU.Build.0 = Release|Any CPU
		{EBF31C6A-764A-4109-BF3C-E5BBF3D827EE}.Release|x64.ActiveCfg = Release|Any CPU
		{EBF31C6A-764A-4109-BF3C-E5BBF3D827EE}.Release|x64.Build.0 = Release|Any CPU
		{EBF31C6A-764A-4109-BF3C-E5BBF3D827EE}.Release|x86.ActiveCfg = Release|Any CPU
		{EBF31C6A-764A-4109-BF3C-E5BBF3D827EE}.Release|x86.Build.0 = Release|Any CPU
		{18B6EDE8-7FB6-46C9-A75A-84EE476B6E05}.Debug|Any CPU.ActiveCfg = Debug|Any CPU
		{18B6EDE8-7FB6-46C9-A75A-84EE476B6E05}.Debug|Any CPU.Build.0 = Debug|Any CPU
		{18B6EDE8-7FB6-46C9-A75A-84EE476B6E05}.Debug|x64.ActiveCfg = Debug|Any CPU
		{18B6EDE8-7FB6-46C9-A75A-84EE476B6E05}.Debug|x64.Build.0 = Debug|Any CPU
		{18B6EDE8-7FB6-46C9-A75A-84EE476B6E05}.Debug|x86.ActiveCfg = Debug|Any CPU
		{18B6EDE8-7FB6-46C9-A75A-84EE476B6E05}.Debug|x86.Build.0 = Debug|Any CPU
		{18B6EDE8-7FB6-46C9-A75A-84EE476B6E05}.Release|Any CPU.ActiveCfg = Release|Any CPU
		{18B6EDE8-7FB6-46C9-A75A-84EE476B6E05}.Release|Any CPU.Build.0 = Release|Any CPU
		{18B6EDE8-7FB6-46C9-A75A-84EE476B6E05}.Release|x64.ActiveCfg = Release|Any CPU
		{18B6EDE8-7FB6-46C9-A75A-84EE476B6E05}.Release|x64.Build.0 = Release|Any CPU
		{18B6EDE8-7FB6-46C9-A75A-84EE476B6E05}.Release|x86.ActiveCfg = Release|Any CPU
		{18B6EDE8-7FB6-46C9-A75A-84EE476B6E05}.Release|x86.Build.0 = Release|Any CPU
		{DB7ECA62-7AA8-49F5-9DFD-DEEB1AB6A1D0}.Debug|Any CPU.ActiveCfg = Debug|Any CPU
		{DB7ECA62-7AA8-49F5-9DFD-DEEB1AB6A1D0}.Debug|Any CPU.Build.0 = Debug|Any CPU
		{DB7ECA62-7AA8-49F5-9DFD-DEEB1AB6A1D0}.Debug|x64.ActiveCfg = Debug|Any CPU
		{DB7ECA62-7AA8-49F5-9DFD-DEEB1AB6A1D0}.Debug|x64.Build.0 = Debug|Any CPU
		{DB7ECA62-7AA8-49F5-9DFD-DEEB1AB6A1D0}.Debug|x86.ActiveCfg = Debug|Any CPU
		{DB7ECA62-7AA8-49F5-9DFD-DEEB1AB6A1D0}.Debug|x86.Build.0 = Debug|Any CPU
		{DB7ECA62-7AA8-49F5-9DFD-DEEB1AB6A1D0}.Release|Any CPU.ActiveCfg = Release|Any CPU
		{DB7ECA62-7AA8-49F5-9DFD-DEEB1AB6A1D0}.Release|Any CPU.Build.0 = Release|Any CPU
		{DB7ECA62-7AA8-49F5-9DFD-DEEB1AB6A1D0}.Release|x64.ActiveCfg = Release|Any CPU
		{DB7ECA62-7AA8-49F5-9DFD-DEEB1AB6A1D0}.Release|x64.Build.0 = Release|Any CPU
		{DB7ECA62-7AA8-49F5-9DFD-DEEB1AB6A1D0}.Release|x86.ActiveCfg = Release|Any CPU
		{DB7ECA62-7AA8-49F5-9DFD-DEEB1AB6A1D0}.Release|x86.Build.0 = Release|Any CPU
		{D37B1C56-8C7C-4C1E-91E3-6042A1CAFF6B}.Debug|Any CPU.ActiveCfg = Debug|Any CPU
		{D37B1C56-8C7C-4C1E-91E3-6042A1CAFF6B}.Debug|Any CPU.Build.0 = Debug|Any CPU
		{D37B1C56-8C7C-4C1E-91E3-6042A1CAFF6B}.Debug|x64.ActiveCfg = Debug|Any CPU
		{D37B1C56-8C7C-4C1E-91E3-6042A1CAFF6B}.Debug|x64.Build.0 = Debug|Any CPU
		{D37B1C56-8C7C-4C1E-91E3-6042A1CAFF6B}.Debug|x86.ActiveCfg = Debug|Any CPU
		{D37B1C56-8C7C-4C1E-91E3-6042A1CAFF6B}.Debug|x86.Build.0 = Debug|Any CPU
		{D37B1C56-8C7C-4C1E-91E3-6042A1CAFF6B}.Release|Any CPU.ActiveCfg = Release|Any CPU
		{D37B1C56-8C7C-4C1E-91E3-6042A1CAFF6B}.Release|Any CPU.Build.0 = Release|Any CPU
		{D37B1C56-8C7C-4C1E-91E3-6042A1CAFF6B}.Release|x64.ActiveCfg = Release|Any CPU
		{D37B1C56-8C7C-4C1E-91E3-6042A1CAFF6B}.Release|x64.Build.0 = Release|Any CPU
		{D37B1C56-8C7C-4C1E-91E3-6042A1CAFF6B}.Release|x86.ActiveCfg = Release|Any CPU
		{D37B1C56-8C7C-4C1E-91E3-6042A1CAFF6B}.Release|x86.Build.0 = Release|Any CPU
	EndGlobalSection
EndGlobal
